
Microsoft Visual Studio Solution File, Format Version 12.00
# Visual Studio Version 17
VisualStudioVersion = 17.8.34408.163
MinimumVisualStudioVersion = 10.0.40219.1
Project("{9A19103F-16F7-4668-BE54-9A1E7A4F7556}") = "Haihv.Tools.String", "Haihv.Tools\Haihv.Tools.String\Haihv.Tools.String.csproj", "{425DCFAA-4DEB-43D7-972A-5969607D02B8}"
EndProject
Global
	GlobalSection(SolutionConfigurationPlatforms) = preSolution
		Debug|Any CPU = Debug|Any CPU
		Release|Any CPU = Release|Any CPU
	EndGlobalSection
	GlobalSection(ProjectConfigurationPlatforms) = postSolution
		{425DCFAA-4DEB-43D7-972A-5969607D02B8}.Debug|Any CPU.ActiveCfg = Debug|Any CPU
		{425DCFAA-4DEB-43D7-972A-5969607D02B8}.Debug|Any CPU.Build.0 = Debug|Any CPU
		{425DCFAA-4DEB-43D7-972A-5969607D02B8}.Release|Any CPU.ActiveCfg = Release|Any CPU
		{425DCFAA-4DEB-43D7-972A-5969607D02B8}.Release|Any CPU.Build.0 = Release|Any CPU
	EndGlobalSection
	GlobalSection(SolutionProperties) = preSolution
		HideSolutionNode = FALSE
	EndGlobalSection
	GlobalSection(ExtensibilityGlobals) = postSolution
		SolutionGuid = {E6A5C7E3-2333-43B9-BB76-3789C4E5D07D}
	EndGlobalSection
EndGlobal
